
Microsoft Visual Studio Solution File, Format Version 12.00
# Blend for Visual Studio Version 16
VisualStudioVersion = 16.0.29926.136
MinimumVisualStudioVersion = 10.0.40219.1
Project("{FAE04EC0-301F-11D3-BF4B-00C04F79EFBC}") = "testDllImport", "testDllImport\testDllImport.csproj", "{9CEDAAFF-D818-4D9E-84B7-DC30B07B1EF9}"
EndProject
Project("{FAE04EC0-301F-11D3-BF4B-00C04F79EFBC}") = "testResources", "testResources\testResources.csproj", "{4E7529A4-B9CE-4C51-B02C-1A41068FA75E}"
EndProject
Global
	GlobalSection(SolutionConfigurationPlatforms) = preSolution
		Debug|Any CPU = Debug|Any CPU
		Release|Any CPU = Release|Any CPU
	EndGlobalSection
	GlobalSection(ProjectConfigurationPlatforms) = postSolution
		{9CEDAAFF-D818-4D9E-84B7-DC30B07B1EF9}.Debug|Any CPU.ActiveCfg = Debug|Any CPU
		{9CEDAAFF-D818-4D9E-84B7-DC30B07B1EF9}.Debug|Any CPU.Build.0 = Debug|Any CPU
		{9CEDAAFF-D818-4D9E-84B7-DC30B07B1EF9}.Release|Any CPU.ActiveCfg = Release|Any CPU
		{9CEDAAFF-D818-4D9E-84B7-DC30B07B1EF9}.Release|Any CPU.Build.0 = Release|Any CPU
		{4E7529A4-B9CE-4C51-B02C-1A41068FA75E}.Debug|Any CPU.ActiveCfg = Debug|Any CPU
		{4E7529A4-B9CE-4C51-B02C-1A41068FA75E}.Debug|Any CPU.Build.0 = Debug|Any CPU
		{4E7529A4-B9CE-4C51-B02C-1A41068FA75E}.Release|Any CPU.ActiveCfg = Release|Any CPU
		{4E7529A4-B9CE-4C51-B02C-1A41068FA75E}.Release|Any CPU.Build.0 = Release|Any CPU
	EndGlobalSection
	GlobalSection(SolutionProperties) = preSolution
		HideSolutionNode = FALSE
	EndGlobalSection
	GlobalSection(ExtensibilityGlobals) = postSolution
		SolutionGuid = {00DAECA5-4F10-4A9D-A61D-8F513D92A717}
	EndGlobalSection
EndGlobal
