
Microsoft Visual Studio Solution File, Format Version 12.00
# Blend for Visual Studio Version 16
VisualStudioVersion = 16.0.31112.23
MinimumVisualStudioVersion = 10.0.40219.1
Project("{FAE04EC0-301F-11D3-BF4B-00C04F79EFBC}") = "TestMenuItem", "TestMenuItem\TestMenuItem.csproj", "{74BCF864-D503-44B0-A7DB-A2094792C224}"
EndProject
Global
	GlobalSection(SolutionConfigurationPlatforms) = preSolution
		Debug|Any CPU = Debug|Any CPU
		Release|Any CPU = Release|Any CPU
	EndGlobalSection
	GlobalSection(ProjectConfigurationPlatforms) = postSolution
		{74BCF864-D503-44B0-A7DB-A2094792C224}.Debug|Any CPU.ActiveCfg = Debug|Any CPU
		{74BCF864-D503-44B0-A7DB-A2094792C224}.Debug|Any CPU.Build.0 = Debug|Any CPU
		{74BCF864-D503-44B0-A7DB-A2094792C224}.Release|Any CPU.ActiveCfg = Release|Any CPU
		{74BCF864-D503-44B0-A7DB-A2094792C224}.Release|Any CPU.Build.0 = Release|Any CPU
	EndGlobalSection
	GlobalSection(SolutionProperties) = preSolution
		HideSolutionNode = FALSE
	EndGlobalSection
	GlobalSection(ExtensibilityGlobals) = postSolution
		SolutionGuid = {58429095-2B08-4C42-B696-DA3D9CF15AAE}
	EndGlobalSection
EndGlobal
